// !$*UTF8*$!
{
	archiveVersion = 1;
	classes = {
	};
	objectVersion = 55;
	objects = {

/* Begin PBXBuildFile section */
		60537CCB27F0BA5400917B50 /* HomeView.swift in Sources */ = {isa = PBXBuildFile; fileRef = 60537CCA27F0BA5400917B50 /* HomeView.swift */; };
		60537CCD27F0BC2C00917B50 /* GreetViewController.swift in Sources */ = {isa = PBXBuildFile; fileRef = 60537CCC27F0BC2C00917B50 /* GreetViewController.swift */; };
		60537CCF27F0BCAA00917B50 /* GreetView.swift in Sources */ = {isa = PBXBuildFile; fileRef = 60537CCE27F0BCAA00917B50 /* GreetView.swift */; };
		6068CAE727E8806600DC30E3 /* AppDelegate.swift in Sources */ = {isa = PBXBuildFile; fileRef = 6068CAE627E8806600DC30E3 /* AppDelegate.swift */; };
		6068CAE927E8806600DC30E3 /* SceneDelegate.swift in Sources */ = {isa = PBXBuildFile; fileRef = 6068CAE827E8806600DC30E3 /* SceneDelegate.swift */; };
		6068CAEB27E8806600DC30E3 /* HomeViewController.swift in Sources */ = {isa = PBXBuildFile; fileRef = 6068CAEA27E8806600DC30E3 /* HomeViewController.swift */; };
		6068CAF027E8806800DC30E3 /* Assets.xcassets in Resources */ = {isa = PBXBuildFile; fileRef = 6068CAEF27E8806800DC30E3 /* Assets.xcassets */; };
		6068CAF327E8806800DC30E3 /* LaunchScreen.storyboard in Resources */ = {isa = PBXBuildFile; fileRef = 6068CAF127E8806800DC30E3 /* LaunchScreen.storyboard */; };
		6068CB0027E88B5B00DC30E3 /* Poppins-Regular.ttf in Resources */ = {isa = PBXBuildFile; fileRef = 6068CAFF27E88B5B00DC30E3 /* Poppins-Regular.ttf */; };
		6068CB0227E88B8300DC30E3 /* Poppins-Light.ttf in Resources */ = {isa = PBXBuildFile; fileRef = 6068CB0127E88B8300DC30E3 /* Poppins-Light.ttf */; };
		6068CB0427E88B9400DC30E3 /* Poppins-Bold.ttf in Resources */ = {isa = PBXBuildFile; fileRef = 6068CB0327E88B9400DC30E3 /* Poppins-Bold.ttf */; };
		6068CB0627E88EE600DC30E3 /* GreenRoundedUIView.swift in Sources */ = {isa = PBXBuildFile; fileRef = 6068CB0527E88EE600DC30E3 /* GreenRoundedUIView.swift */; };
		6068CB0827E8B63800DC30E3 /* ImageLabelLinkView.swift in Sources */ = {isa = PBXBuildFile; fileRef = 6068CB0727E8B63800DC30E3 /* ImageLabelLinkView.swift */; };
		6068CB0A27E92DD800DC30E3 /* IconButton.swift in Sources */ = {isa = PBXBuildFile; fileRef = 6068CB0927E92DD800DC30E3 /* IconButton.swift */; };
		6068CB0C27EB3DDE00DC30E3 /* GreenPoppinsLabel.swift in Sources */ = {isa = PBXBuildFile; fileRef = 6068CB0B27EB3DDE00DC30E3 /* GreenPoppinsLabel.swift */; };
		6068CB0E27EB5FB800DC30E3 /* VerticalSVWithParent.swift in Sources */ = {isa = PBXBuildFile; fileRef = 6068CB0D27EB5FB800DC30E3 /* VerticalSVWithParent.swift */; };
/* End PBXBuildFile section */

/* Begin PBXFileReference section */
		60537CCA27F0BA5400917B50 /* HomeView.swift */ = {isa = PBXFileReference; lastKnownFileType = sourcecode.swift; path = HomeView.swift; sourceTree = "<group>"; };
		60537CCC27F0BC2C00917B50 /* GreetViewController.swift */ = {isa = PBXFileReference; lastKnownFileType = sourcecode.swift; path = GreetViewController.swift; sourceTree = "<group>"; };
		60537CCE27F0BCAA00917B50 /* GreetView.swift */ = {isa = PBXFileReference; lastKnownFileType = sourcecode.swift; path = GreetView.swift; sourceTree = "<group>"; };
		6068CAE327E8806600DC30E3 /* aboutMe.app */ = {isa = PBXFileReference; explicitFileType = wrapper.application; includeInIndex = 0; path = aboutMe.app; sourceTree = BUILT_PRODUCTS_DIR; };
		6068CAE627E8806600DC30E3 /* AppDelegate.swift */ = {isa = PBXFileReference; lastKnownFileType = sourcecode.swift; path = AppDelegate.swift; sourceTree = "<group>"; };
		6068CAE827E8806600DC30E3 /* SceneDelegate.swift */ = {isa = PBXFileReference; lastKnownFileType = sourcecode.swift; path = SceneDelegate.swift; sourceTree = "<group>"; };
		6068CAEA27E8806600DC30E3 /* HomeViewController.swift */ = {isa = PBXFileReference; lastKnownFileType = sourcecode.swift; path = HomeViewController.swift; sourceTree = "<group>"; };
		6068CAEF27E8806800DC30E3 /* Assets.xcassets */ = {isa = PBXFileReference; lastKnownFileType = folder.assetcatalog; path = Assets.xcassets; sourceTree = "<group>"; };
		6068CAF227E8806800DC30E3 /* Base */ = {isa = PBXFileReference; lastKnownFileType = file.storyboard; name = Base; path = Base.lproj/LaunchScreen.storyboard; sourceTree = "<group>"; };
		6068CAF427E8806800DC30E3 /* Info.plist */ = {isa = PBXFileReference; lastKnownFileType = text.plist.xml; path = Info.plist; sourceTree = "<group>"; };
		6068CAFF27E88B5B00DC30E3 /* Poppins-Regular.ttf */ = {isa = PBXFileReference; lastKnownFileType = file; path = "Poppins-Regular.ttf"; sourceTree = "<group>"; };
		6068CB0127E88B8300DC30E3 /* Poppins-Light.ttf */ = {isa = PBXFileReference; lastKnownFileType = file; path = "Poppins-Light.ttf"; sourceTree = "<group>"; };
		6068CB0327E88B9400DC30E3 /* Poppins-Bold.ttf */ = {isa = PBXFileReference; lastKnownFileType = file; path = "Poppins-Bold.ttf"; sourceTree = "<group>"; };
		6068CB0527E88EE600DC30E3 /* GreenRoundedUIView.swift */ = {isa = PBXFileReference; lastKnownFileType = sourcecode.swift; path = GreenRoundedUIView.swift; sourceTree = "<group>"; };
		6068CB0727E8B63800DC30E3 /* ImageLabelLinkView.swift */ = {isa = PBXFileReference; lastKnownFileType = sourcecode.swift; path = ImageLabelLinkView.swift; sourceTree = "<group>"; };
		6068CB0927E92DD800DC30E3 /* IconButton.swift */ = {isa = PBXFileReference; lastKnownFileType = sourcecode.swift; path = IconButton.swift; sourceTree = "<group>"; };
		6068CB0B27EB3DDE00DC30E3 /* GreenPoppinsLabel.swift */ = {isa = PBXFileReference; lastKnownFileType = sourcecode.swift; path = GreenPoppinsLabel.swift; sourceTree = "<group>"; };
		6068CB0D27EB5FB800DC30E3 /* VerticalSVWithParent.swift */ = {isa = PBXFileReference; lastKnownFileType = sourcecode.swift; path = VerticalSVWithParent.swift; sourceTree = "<group>"; };
/* End PBXFileReference section */

/* Begin PBXFrameworksBuildPhase section */
		6068CAE027E8806600DC30E3 /* Frameworks */ = {
			isa = PBXFrameworksBuildPhase;
			buildActionMask = 2147483647;
			files = (
			);
			runOnlyForDeploymentPostprocessing = 0;
		};
/* End PBXFrameworksBuildPhase section */

/* Begin PBXGroup section */
		6068CADA27E8806600DC30E3 = {
			isa = PBXGroup;
			children = (
				6068CAE527E8806600DC30E3 /* aboutMe */,
				6068CAE427E8806600DC30E3 /* Products */,
			);
			sourceTree = "<group>";
		};
		6068CAE427E8806600DC30E3 /* Products */ = {
			isa = PBXGroup;
			children = (
				6068CAE327E8806600DC30E3 /* aboutMe.app */,
			);
			name = Products;
			sourceTree = "<group>";
		};
		6068CAE527E8806600DC30E3 /* aboutMe */ = {
			isa = PBXGroup;
			children = (
				6068CAFE27E88B4500DC30E3 /* Poppins */,
				6068CAFA27E8829000DC30E3 /* View */,
				6068CAFD27E8834100DC30E3 /* Controller */,
				6068CAE627E8806600DC30E3 /* AppDelegate.swift */,
				6068CAE827E8806600DC30E3 /* SceneDelegate.swift */,
				6068CAF427E8806800DC30E3 /* Info.plist */,
				6068CAEF27E8806800DC30E3 /* Assets.xcassets */,
			);
			path = aboutMe;
			sourceTree = "<group>";
		};
		6068CAFA27E8829000DC30E3 /* View */ = {
			isa = PBXGroup;
			children = (
				60537CCA27F0BA5400917B50 /* HomeView.swift */,
				6068CB0527E88EE600DC30E3 /* GreenRoundedUIView.swift */,
				6068CB0727E8B63800DC30E3 /* ImageLabelLinkView.swift */,
				6068CB0927E92DD800DC30E3 /* IconButton.swift */,
				6068CB0B27EB3DDE00DC30E3 /* GreenPoppinsLabel.swift */,
				6068CB0D27EB5FB800DC30E3 /* VerticalSVWithParent.swift */,
				6068CAF127E8806800DC30E3 /* LaunchScreen.storyboard */,
				60537CCE27F0BCAA00917B50 /* GreetView.swift */,
			);
			path = View;
			sourceTree = "<group>";
		};
		6068CAFD27E8834100DC30E3 /* Controller */ = {
			isa = PBXGroup;
			children = (
				6068CAEA27E8806600DC30E3 /* HomeViewController.swift */,
				60537CCC27F0BC2C00917B50 /* GreetViewController.swift */,
			);
			path = Controller;
			sourceTree = "<group>";
		};
		6068CAFE27E88B4500DC30E3 /* Poppins */ = {
			isa = PBXGroup;
			children = (
				6068CAFF27E88B5B00DC30E3 /* Poppins-Regular.ttf */,
				6068CB0127E88B8300DC30E3 /* Poppins-Light.ttf */,
				6068CB0327E88B9400DC30E3 /* Poppins-Bold.ttf */,
			);
			path = Poppins;
			sourceTree = "<group>";
		};
/* End PBXGroup section */

/* Begin PBXNativeTarget section */
		6068CAE227E8806600DC30E3 /* aboutMe */ = {
			isa = PBXNativeTarget;
			buildConfigurationList = 6068CAF727E8806800DC30E3 /* Build configuration list for PBXNativeTarget "aboutMe" */;
			buildPhases = (
				6068CADF27E8806600DC30E3 /* Sources */,
				6068CAE027E8806600DC30E3 /* Frameworks */,
				6068CAE127E8806600DC30E3 /* Resources */,
			);
			buildRules = (
			);
			dependencies = (
			);
			name = aboutMe;
			productName = aboutMe;
			productReference = 6068CAE327E8806600DC30E3 /* aboutMe.app */;
			productType = "com.apple.product-type.application";
		};
/* End PBXNativeTarget section */

/* Begin PBXProject section */
		6068CADB27E8806600DC30E3 /* Project object */ = {
			isa = PBXProject;
			attributes = {
				BuildIndependentTargetsInParallel = 1;
				LastSwiftUpdateCheck = 1330;
				LastUpgradeCheck = 1330;
				TargetAttributes = {
					6068CAE227E8806600DC30E3 = {
						CreatedOnToolsVersion = 13.3;
					};
				};
			};
			buildConfigurationList = 6068CADE27E8806600DC30E3 /* Build configuration list for PBXProject "aboutMe" */;
			compatibilityVersion = "Xcode 13.0";
			developmentRegion = en;
			hasScannedForEncodings = 0;
			knownRegions = (
				en,
				Base,
			);
			mainGroup = 6068CADA27E8806600DC30E3;
			productRefGroup = 6068CAE427E8806600DC30E3 /* Products */;
			projectDirPath = "";
			projectRoot = "";
			targets = (
				6068CAE227E8806600DC30E3 /* aboutMe */,
			);
		};
/* End PBXProject section */

/* Begin PBXResourcesBuildPhase section */
		6068CAE127E8806600DC30E3 /* Resources */ = {
			isa = PBXResourcesBuildPhase;
			buildActionMask = 2147483647;
			files = (
				6068CB0027E88B5B00DC30E3 /* Poppins-Regular.ttf in Resources */,
				6068CAF327E8806800DC30E3 /* LaunchScreen.storyboard in Resources */,
				6068CB0427E88B9400DC30E3 /* Poppins-Bold.ttf in Resources */,
				6068CAF027E8806800DC30E3 /* Assets.xcassets in Resources */,
				6068CB0227E88B8300DC30E3 /* Poppins-Light.ttf in Resources */,
			);
			runOnlyForDeploymentPostprocessing = 0;
		};
/* End PBXResourcesBuildPhase section */

/* Begin PBXSourcesBuildPhase section */
		6068CADF27E8806600DC30E3 /* Sources */ = {
			isa = PBXSourcesBuildPhase;
			buildActionMask = 2147483647;
			files = (
				60537CCD27F0BC2C00917B50 /* GreetViewController.swift in Sources */,
				60537CCB27F0BA5400917B50 /* HomeView.swift in Sources */,
				6068CAEB27E8806600DC30E3 /* HomeViewController.swift in Sources */,
				6068CAE727E8806600DC30E3 /* AppDelegate.swift in Sources */,
				6068CB0A27E92DD800DC30E3 /* IconButton.swift in Sources */,
				6068CB0E27EB5FB800DC30E3 /* VerticalSVWithParent.swift in Sources */,
				6068CB0827E8B63800DC30E3 /* ImageLabelLinkView.swift in Sources */,
				6068CB0C27EB3DDE00DC30E3 /* GreenPoppinsLabel.swift in Sources */,
				6068CB0627E88EE600DC30E3 /* GreenRoundedUIView.swift in Sources */,
				6068CAE927E8806600DC30E3 /* SceneDelegate.swift in Sources */,
				60537CCF27F0BCAA00917B50 /* GreetView.swift in Sources */,
			);
			runOnlyForDeploymentPostprocessing = 0;
		};
/* End PBXSourcesBuildPhase section */

/* Begin PBXVariantGroup section */
		6068CAF127E8806800DC30E3 /* LaunchScreen.storyboard */ = {
			isa = PBXVariantGroup;
			children = (
				6068CAF227E8806800DC30E3 /* Base */,
			);
			name = LaunchScreen.storyboard;
			sourceTree = "<group>";
		};
/* End PBXVariantGroup section */

/* Begin XCBuildConfiguration section */
		6068CAF527E8806800DC30E3 /* Debug */ = {
			isa = XCBuildConfiguration;
			buildSettings = {
				ALWAYS_SEARCH_USER_PATHS = NO;
				CLANG_ANALYZER_NONNULL = YES;
				CLANG_ANALYZER_NUMBER_OBJECT_CONVERSION = YES_AGGRESSIVE;
				CLANG_CXX_LANGUAGE_STANDARD = "gnu++17";
				CLANG_ENABLE_MODULES = YES;
				CLANG_ENABLE_OBJC_ARC = YES;
				CLANG_ENABLE_OBJC_WEAK = YES;
				CLANG_WARN_BLOCK_CAPTURE_AUTORELEASING = YES;
				CLANG_WARN_BOOL_CONVERSION = YES;
				CLANG_WARN_COMMA = YES;
				CLANG_WARN_CONSTANT_CONVERSION = YES;
				CLANG_WARN_DEPRECATED_OBJC_IMPLEMENTATIONS = YES;
				CLANG_WARN_DIRECT_OBJC_ISA_USAGE = YES_ERROR;
				CLANG_WARN_DOCUMENTATION_COMMENTS = YES;
				CLANG_WARN_EMPTY_BODY = YES;
				CLANG_WARN_ENUM_CONVERSION = YES;
				CLANG_WARN_INFINITE_RECURSION = YES;
				CLANG_WARN_INT_CONVERSION = YES;
				CLANG_WARN_NON_LITERAL_NULL_CONVERSION = YES;
				CLANG_WARN_OBJC_IMPLICIT_RETAIN_SELF = YES;
				CLANG_WARN_OBJC_LITERAL_CONVERSION = YES;
				CLANG_WARN_OBJC_ROOT_CLASS = YES_ERROR;
				CLANG_WARN_QUOTED_INCLUDE_IN_FRAMEWORK_HEADER = YES;
				CLANG_WARN_RANGE_LOOP_ANALYSIS = YES;
				CLANG_WARN_STRICT_PROTOTYPES = YES;
				CLANG_WARN_SUSPICIOUS_MOVE = YES;
				CLANG_WARN_UNGUARDED_AVAILABILITY = YES_AGGRESSIVE;
				CLANG_WARN_UNREACHABLE_CODE = YES;
				CLANG_WARN__DUPLICATE_METHOD_MATCH = YES;
				COPY_PHASE_STRIP = NO;
				DEBUG_INFORMATION_FORMAT = dwarf;
				ENABLE_STRICT_OBJC_MSGSEND = YES;
				ENABLE_TESTABILITY = YES;
				GCC_C_LANGUAGE_STANDARD = gnu11;
				GCC_DYNAMIC_NO_PIC = NO;
				GCC_NO_COMMON_BLOCKS = YES;
				GCC_OPTIMIZATION_LEVEL = 0;
				GCC_PREPROCESSOR_DEFINITIONS = (
					"DEBUG=1",
					"$(inherited)",
				);
				GCC_WARN_64_TO_32_BIT_CONVERSION = YES;
				GCC_WARN_ABOUT_RETURN_TYPE = YES_ERROR;
				GCC_WARN_UNDECLARED_SELECTOR = YES;
				GCC_WARN_UNINITIALIZED_AUTOS = YES_AGGRESSIVE;
				GCC_WARN_UNUSED_FUNCTION = YES;
				GCC_WARN_UNUSED_VARIABLE = YES;
				IPHONEOS_DEPLOYMENT_TARGET = 15.4;
				MTL_ENABLE_DEBUG_INFO = INCLUDE_SOURCE;
				MTL_FAST_MATH = YES;
				ONLY_ACTIVE_ARCH = YES;
				SDKROOT = iphoneos;
				SWIFT_ACTIVE_COMPILATION_CONDITIONS = DEBUG;
				SWIFT_OPTIMIZATION_LEVEL = "-Onone";
			};
			name = Debug;
		};
		6068CAF627E8806800DC30E3 /* Release */ = {
			isa = XCBuildConfiguration;
			buildSettings = {
				ALWAYS_SEARCH_USER_PATHS = NO;
				CLANG_ANALYZER_NONNULL = YES;
				CLANG_ANALYZER_NUMBER_OBJECT_CONVERSION = YES_AGGRESSIVE;
				CLANG_CXX_LANGUAGE_STANDARD = "gnu++17";
				CLANG_ENABLE_MODULES = YES;
				CLANG_ENABLE_OBJC_ARC = YES;
				CLANG_ENABLE_OBJC_WEAK = YES;
				CLANG_WARN_BLOCK_CAPTURE_AUTORELEASING = YES;
				CLANG_WARN_BOOL_CONVERSION = YES;
				CLANG_WARN_COMMA = YES;
				CLANG_WARN_CONSTANT_CONVERSION = YES;
				CLANG_WARN_DEPRECATED_OBJC_IMPLEMENTATIONS = YES;
				CLANG_WARN_DIRECT_OBJC_ISA_USAGE = YES_ERROR;
				CLANG_WARN_DOCUMENTATION_COMMENTS = YES;
				CLANG_WARN_EMPTY_BODY = YES;
				CLANG_WARN_ENUM_CONVERSION = YES;
				CLANG_WARN_INFINITE_RECURSION = YES;
				CLANG_WARN_INT_CONVERSION = YES;
				CLANG_WARN_NON_LITERAL_NULL_CONVERSION = YES;
				CLANG_WARN_OBJC_IMPLICIT_RETAIN_SELF = YES;
				CLANG_WARN_OBJC_LITERAL_CONVERSION = YES;
				CLANG_WARN_OBJC_ROOT_CLASS = YES_ERROR;
				CLANG_WARN_QUOTED_INCLUDE_IN_FRAMEWORK_HEADER = YES;
				CLANG_WARN_RANGE_LOOP_ANALYSIS = YES;
				CLANG_WARN_STRICT_PROTOTYPES = YES;
				CLANG_WARN_SUSPICIOUS_MOVE = YES;
				CLANG_WARN_UNGUARDED_AVAILABILITY = YES_AGGRESSIVE;
				CLANG_WARN_UNREACHABLE_CODE = YES;
				CLANG_WARN__DUPLICATE_METHOD_MATCH = YES;
				COPY_PHASE_STRIP = NO;
				DEBUG_INFORMATION_FORMAT = "dwarf-with-dsym";
				ENABLE_NS_ASSERTIONS = NO;
				ENABLE_STRICT_OBJC_MSGSEND = YES;
				GCC_C_LANGUAGE_STANDARD = gnu11;
				GCC_NO_COMMON_BLOCKS = YES;
				GCC_WARN_64_TO_32_BIT_CONVERSION = YES;
				GCC_WARN_ABOUT_RETURN_TYPE = YES_ERROR;
				GCC_WARN_UNDECLARED_SELECTOR = YES;
				GCC_WARN_UNINITIALIZED_AUTOS = YES_AGGRESSIVE;
				GCC_WARN_UNUSED_FUNCTION = YES;
				GCC_WARN_UNUSED_VARIABLE = YES;
				IPHONEOS_DEPLOYMENT_TARGET = 15.4;
				MTL_ENABLE_DEBUG_INFO = NO;
				MTL_FAST_MATH = YES;
				SDKROOT = iphoneos;
				SWIFT_COMPILATION_MODE = wholemodule;
				SWIFT_OPTIMIZATION_LEVEL = "-O";
				VALIDATE_PRODUCT = YES;
			};
			name = Release;
		};
		6068CAF827E8806800DC30E3 /* Debug */ = {
			isa = XCBuildConfiguration;
			buildSettings = {
				ASSETCATALOG_COMPILER_APPICON_NAME = AppIcon;
				ASSETCATALOG_COMPILER_GLOBAL_ACCENT_COLOR_NAME = AccentColor;
				CODE_SIGN_STYLE = Automatic;
				CURRENT_PROJECT_VERSION = 1;
				DEVELOPMENT_TEAM = XX56C8Q5GR;
				GENERATE_INFOPLIST_FILE = YES;
				INFOPLIST_FILE = aboutMe/Info.plist;
				INFOPLIST_KEY_UIApplicationSupportsIndirectInputEvents = YES;
				INFOPLIST_KEY_UILaunchStoryboardName = LaunchScreen;
				INFOPLIST_KEY_UISupportedInterfaceOrientations_iPad = "UIInterfaceOrientationPortrait UIInterfaceOrientationPortraitUpsideDown UIInterfaceOrientationLandscapeLeft UIInterfaceOrientationLandscapeRight";
				INFOPLIST_KEY_UISupportedInterfaceOrientations_iPhone = "UIInterfaceOrientationPortrait UIInterfaceOrientationLandscapeLeft UIInterfaceOrientationLandscapeRight";
				LD_RUNPATH_SEARCH_PATHS = (
					"$(inherited)",
					"@executable_path/Frameworks",
				);
				MARKETING_VERSION = 1.0;
				PRODUCT_BUNDLE_IDENTIFIER = com.moetstein.aboutMe;
				PRODUCT_NAME = "$(TARGET_NAME)";
				SWIFT_EMIT_LOC_STRINGS = YES;
				SWIFT_VERSION = 5.0;
				TARGETED_DEVICE_FAMILY = "1,2";
			};
			name = Debug;
		};
		6068CAF927E8806800DC30E3 /* Release */ = {
			isa = XCBuildConfiguration;
			buildSettings = {
				ASSETCATALOG_COMPILER_APPICON_NAME = AppIcon;
				ASSETCATALOG_COMPILER_GLOBAL_ACCENT_COLOR_NAME = AccentColor;
				CODE_SIGN_STYLE = Automatic;
				CURRENT_PROJECT_VERSION = 1;
				DEVELOPMENT_TEAM = XX56C8Q5GR;
				GENERATE_INFOPLIST_FILE = YES;
				INFOPLIST_FILE = aboutMe/Info.plist;
				INFOPLIST_KEY_UIApplicationSupportsIndirectInputEvents = YES;
				INFOPLIST_KEY_UILaunchStoryboardName = LaunchScreen;
				INFOPLIST_KEY_UISupportedInterfaceOrientations_iPad = "UIInterfaceOrientationPortrait UIInterfaceOrientationPortraitUpsideDown UIInterfaceOrientationLandscapeLeft UIInterfaceOrientationLandscapeRight";
				INFOPLIST_KEY_UISupportedInterfaceOrientations_iPhone = "UIInterfaceOrientationPortrait UIInterfaceOrientationLandscapeLeft UIInterfaceOrientationLandscapeRight";
				LD_RUNPATH_SEARCH_PATHS = (
					"$(inherited)",
					"@executable_path/Frameworks",
				);
				MARKETING_VERSION = 1.0;
				PRODUCT_BUNDLE_IDENTIFIER = com.moetstein.aboutMe;
				PRODUCT_NAME = "$(TARGET_NAME)";
				SWIFT_EMIT_LOC_STRINGS = YES;
				SWIFT_VERSION = 5.0;
				TARGETED_DEVICE_FAMILY = "1,2";
			};
			name = Release;
		};
/* End XCBuildConfiguration section */

/* Begin XCConfigurationList section */
		6068CADE27E8806600DC30E3 /* Build configuration list for PBXProject "aboutMe" */ = {
			isa = XCConfigurationList;
			buildConfigurations = (
				6068CAF527E8806800DC30E3 /* Debug */,
				6068CAF627E8806800DC30E3 /* Release */,
			);
			defaultConfigurationIsVisible = 0;
			defaultConfigurationName = Release;
		};
		6068CAF727E8806800DC30E3 /* Build configuration list for PBXNativeTarget "aboutMe" */ = {
			isa = XCConfigurationList;
			buildConfigurations = (
				6068CAF827E8806800DC30E3 /* Debug */,
				6068CAF927E8806800DC30E3 /* Release */,
			);
			defaultConfigurationIsVisible = 0;
			defaultConfigurationName = Release;
		};
/* End XCConfigurationList section */
	};
	rootObject = 6068CADB27E8806600DC30E3 /* Project object */;
}
